
Microsoft Visual Studio Solution File, Format Version 12.00
# Visual Studio Version 17
VisualStudioVersion = 17.13.35913.81 d17.13
MinimumVisualStudioVersion = 10.0.40219.1
Project("{FAE04EC0-301F-11D3-BF4B-00C04F79EFBC}") = "NewStarTicket", "NewStarTicket\NewStarTicket.csproj", "{F6C72D5F-4ADA-4E19-948B-379778E8420D}"
EndProject
Global
	GlobalSection(SolutionConfigurationPlatforms) = preSolution
		Debug|Any CPU = Debug|Any CPU
		Release|Any CPU = Release|Any CPU
	EndGlobalSection
	GlobalSection(ProjectConfigurationPlatforms) = postSolution
		{F6C72D5F-4ADA-4E19-948B-379778E8420D}.Debug|Any CPU.ActiveCfg = Debug|Any CPU
		{F6C72D5F-4ADA-4E19-948B-379778E8420D}.Debug|Any CPU.Build.0 = Debug|Any CPU
		{F6C72D5F-4ADA-4E19-948B-379778E8420D}.Release|Any CPU.ActiveCfg = Release|Any CPU
		{F6C72D5F-4ADA-4E19-948B-379778E8420D}.Release|Any CPU.Build.0 = Release|Any CPU
	EndGlobalSection
	GlobalSection(SolutionProperties) = preSolution
		HideSolutionNode = FALSE
	EndGlobalSection
	GlobalSection(ExtensibilityGlobals) = postSolution
		SolutionGuid = {B3A76610-0DFB-4475-BE94-082E6FB00FD0}
	EndGlobalSection
EndGlobal
